
Microsoft Visual Studio Solution File, Format Version 12.00
# Visual Studio 15
VisualStudioVersion = 15.0.27130.2010
MinimumVisualStudioVersion = 10.0.40219.1
Project("{9A19103F-16F7-4668-BE54-9A1E7A4F7556}") = "SessionMessage.Core", "SessionMessage.Core\SessionMessage.Core.csproj", "{83ED9237-EE3D-40EA-A475-206D25BD80B1}"
EndProject
Project("{9A19103F-16F7-4668-BE54-9A1E7A4F7556}") = "Example", "Example\Example.csproj", "{CEFB68B2-9B3A-45E6-8969-B67FB8DD1AC9}"
EndProject
Project("{FAE04EC0-301F-11D3-BF4B-00C04F79EFBC}") = "SessionMessage.UI", "SessionMessage.UI\SessionMessage.UI.csproj", "{0AE4B95F-E88F-41B8-93A3-FFCCCCA03C73}"
EndProject
Global
	GlobalSection(SolutionConfigurationPlatforms) = preSolution
		Debug|Any CPU = Debug|Any CPU
		Release|Any CPU = Release|Any CPU
	EndGlobalSection
	GlobalSection(ProjectConfigurationPlatforms) = postSolution
		{83ED9237-EE3D-40EA-A475-206D25BD80B1}.Debug|Any CPU.ActiveCfg = Debug|Any CPU
		{83ED9237-EE3D-40EA-A475-206D25BD80B1}.Debug|Any CPU.Build.0 = Debug|Any CPU
		{83ED9237-EE3D-40EA-A475-206D25BD80B1}.Release|Any CPU.ActiveCfg = Release|Any CPU
		{83ED9237-EE3D-40EA-A475-206D25BD80B1}.Release|Any CPU.Build.0 = Release|Any CPU
		{CEFB68B2-9B3A-45E6-8969-B67FB8DD1AC9}.Debug|Any CPU.ActiveCfg = Debug|Any CPU
		{CEFB68B2-9B3A-45E6-8969-B67FB8DD1AC9}.Debug|Any CPU.Build.0 = Debug|Any CPU
		{CEFB68B2-9B3A-45E6-8969-B67FB8DD1AC9}.Release|Any CPU.ActiveCfg = Release|Any CPU
		{CEFB68B2-9B3A-45E6-8969-B67FB8DD1AC9}.Release|Any CPU.Build.0 = Release|Any CPU
		{0AE4B95F-E88F-41B8-93A3-FFCCCCA03C73}.Debug|Any CPU.ActiveCfg = Debug|Any CPU
		{0AE4B95F-E88F-41B8-93A3-FFCCCCA03C73}.Debug|Any CPU.Build.0 = Debug|Any CPU
		{0AE4B95F-E88F-41B8-93A3-FFCCCCA03C73}.Release|Any CPU.ActiveCfg = Release|Any CPU
		{0AE4B95F-E88F-41B8-93A3-FFCCCCA03C73}.Release|Any CPU.Build.0 = Release|Any CPU
	EndGlobalSection
	GlobalSection(SolutionProperties) = preSolution
		HideSolutionNode = FALSE
	EndGlobalSection
	GlobalSection(ExtensibilityGlobals) = postSolution
		SolutionGuid = {6D7070E5-D5B2-45A0-BAC8-293238ECE59E}
	EndGlobalSection
EndGlobal
